
Microsoft Visual Studio Solution File, Format Version 12.00
# Visual Studio Version 17
VisualStudioVersion = 17.5.002.0
MinimumVisualStudioVersion = 10.0.40219.1
Project("{9A19103F-16F7-4668-BE54-9A1E7A4F7556}") = "RewriteCode", "RewriteCode.csproj", "{224D6613-68EB-4BDB-8E27-42F132C41E83}"
EndProject
Global
	GlobalSection(SolutionConfigurationPlatforms) = preSolution
		Debug|Any CPU = Debug|Any CPU
		Release|Any CPU = Release|Any CPU
	EndGlobalSection
	GlobalSection(ProjectConfigurationPlatforms) = postSolution
		{224D6613-68EB-4BDB-8E27-42F132C41E83}.Debug|Any CPU.ActiveCfg = Debug|Any CPU
		{224D6613-68EB-4BDB-8E27-42F132C41E83}.Debug|Any CPU.Build.0 = Debug|Any CPU
		{224D6613-68EB-4BDB-8E27-42F132C41E83}.Release|Any CPU.ActiveCfg = Release|Any CPU
		{224D6613-68EB-4BDB-8E27-42F132C41E83}.Release|Any CPU.Build.0 = Release|Any CPU
	EndGlobalSection
	GlobalSection(SolutionProperties) = preSolution
		HideSolutionNode = FALSE
	EndGlobalSection
	GlobalSection(ExtensibilityGlobals) = postSolution
		SolutionGuid = {BD0AC7F9-3097-4019-8324-BA1867FEA2B6}
	EndGlobalSection
EndGlobal
